# THIS IS AN AUTOGENERATED FILE. DO NOT EDIT THIS FILE DIRECTLY.
# yarn lockfile v1


"@envelop/core@^2.0.0":
  version "2.3.3"
  resolved "https://registry.yarnpkg.com/@envelop/core/-/core-2.3.3.tgz#a77b28930b3090e2eb1ecb4696ffd6e4bdc4ddba"
  integrity sha512-ZWlBXTd35Uwp4cKRsU36NqgpSwXAIe34tXHWUjI7n/TDgOZ0hcgvhQ+nF1dGLsJted0gqnfVX8ZceX30lTGgDg==
  dependencies:
    "@envelop/types" "2.2.1"

"@envelop/parser-cache@^4.0.0":
  version "4.3.3"
  resolved "https://registry.yarnpkg.com/@envelop/parser-cache/-/parser-cache-4.3.3.tgz#dcb2fcca29f327d2a7b1c13fdf76d494a7efeab6"
  integrity sha512-JfgKynw/OtY+xxzGvQuaiojPYqpxmS6fh4CWc0G/SBjb4keeZ/9yCUANRMT7xN2R9lb2dKwkKS+VGd8Zp7tMWQ==
  dependencies:
    tiny-lru "7.0.6"

"@envelop/types@2.2.1":
  version "2.2.1"
  resolved "https://registry.yarnpkg.com/@envelop/types/-/types-2.2.1.tgz#5c2e3ae04837533521d0800e7dfa4c3f86f70c4c"
  integrity sha512-TONrQ8a2/y0emVhdIRhAJzqCXWtaTBLv+JnYVmihR9Iw8ETyVbZOuReB9EuSGZHciKtpkQXTjD/gq5wVMIa47g==

"@envelop/validation-cache@^4.0.0":
  version "4.3.3"
  resolved "https://registry.yarnpkg.com/@envelop/validation-cache/-/validation-cache-4.3.3.tgz#319c967504153918892c8c23ece2b90388d727c3"
  integrity sha512-NchRKNGA1gegzFoxi3/PLe3qQThq5DezP+RKalCiTuFwEd89TQo3rugHJXZX6tZNmw6jJ3eTnE9ouOMKvwVo+Q==
  dependencies:
    tiny-lru "7.0.6"

"@graphql-tools/merge@8.2.14":
  version "8.2.14"
  resolved "https://registry.yarnpkg.com/@graphql-tools/merge/-/merge-8.2.14.tgz#44811e5453f5515d9537bd1b64f0f0cfe6313a45"
  integrity sha512-od6lTF732nwPX91G79eiJf+dyRBHxCaKe7QL4IYeH4d1k+NYqx/ihYpFJNjDaqxmpHH92Hr+TxsP9SYRK3/QKg==
  dependencies:
    "@graphql-tools/utils" "8.6.13"
    tslib "^2.4.0"

"@graphql-tools/schema@^8.3.1":
  version "8.3.14"
  resolved "https://registry.yarnpkg.com/@graphql-tools/schema/-/schema-8.3.14.tgz#0aeab46daab70fb7505c950dc7e83a3da0eeb7ce"
  integrity sha512-ntA4pKwyyPHFFKcIw17FfqGZAiTNZl0tHieQpPIkN5fPc4oHcXOfaj1vBjtIC/Qn6H7XBBu3l2kMA8FpobdxTQ==
  dependencies:
    "@graphql-tools/merge" "8.2.14"
    "@graphql-tools/utils" "8.6.13"
    tslib "^2.4.0"
    value-or-promise "1.0.11"

"@graphql-tools/utils@8.6.13", "@graphql-tools/utils@^8.6.0":
  version "8.6.13"
  resolved "https://registry.yarnpkg.com/@graphql-tools/utils/-/utils-8.6.13.tgz#2b4fb7f9f8a29b25eecd44551fb95974de32f969"
  integrity sha512-FiVqrQzj4cgz0HcZ3CxUs8NtBGPZFpmsVyIgwmL6YCwIhjJQnT72h8G3/vk5zVfjfesht85YGp0inWWuoCKWzg==
  dependencies:
    tslib "^2.4.0"

"@graphql-typed-document-node/core@^3.1.1":
  version "3.1.1"
  resolved "https://registry.yarnpkg.com/@graphql-typed-document-node/core/-/core-3.1.1.tgz#076d78ce99822258cf813ecc1e7fa460fa74d052"
  integrity sha512-NQ17ii0rK1b34VZonlmT2QMJFI70m0TRwbknO/ihlbatXyaktDhN/98vBiUU6kNBPljqGqyIrl2T4nY2RpFANg==

"@graphql-yoga/common@2.8.2":
  version "2.8.2"
  resolved "https://registry.yarnpkg.com/@graphql-yoga/common/-/common-2.8.2.tgz#36d4d8182e4949fba829b779868255442f6a0947"
  integrity sha512-U6wF595+Cjs1MMAOjfifEda7FBHI2KCK0KuTqVFKcRRlSZ/nqEa/2NTEj3sra2OLwRHX2ITzs3aT+DdVrXhqIw==
  dependencies:
    "@envelop/core" "^2.0.0"
    "@envelop/parser-cache" "^4.0.0"
    "@envelop/validation-cache" "^4.0.0"
    "@graphql-tools/schema" "^8.3.1"
    "@graphql-tools/utils" "^8.6.0"
    "@graphql-typed-document-node/core" "^3.1.1"
    "@graphql-yoga/subscription" "2.0.0"
    cross-undici-fetch "^0.4.2"
    dset "^3.1.1"
    tslib "^2.3.1"

"@graphql-yoga/node@^2.9.1":
  version "2.9.1"
  resolved "https://registry.yarnpkg.com/@graphql-yoga/node/-/node-2.9.1.tgz#45371ccfdf6a5bbb8194500e6143aaa9d8c7ec40"
  integrity sha512-0v2zN2wY/Oh6ouEuwLCQizFpsgfQ+PkHjtBtUKS47j8ldMvTYGd/xKpYVjBcescxBYdZusR2s+815nCofxdTsA==
  dependencies:
    "@envelop/core" "^2.0.0"
    "@graphql-tools/utils" "^8.6.0"
    "@graphql-yoga/common" "2.8.2"
    "@graphql-yoga/subscription" "2.0.0"
    cross-undici-fetch "^0.4.2"
    tslib "^2.3.1"

"@graphql-yoga/subscription@2.0.0":
  version "2.0.0"
  resolved "https://registry.yarnpkg.com/@graphql-yoga/subscription/-/subscription-2.0.0.tgz#8c6d3d78b2938a554efced7fd6c80cfaa80f7b8f"
  integrity sha512-HlG+gIddjIP3/BDrMZymdzmzDjNdYuSGMxx6+1JA83gAEVRDR4yOoT4QeNKYqRhLK9xca/Hxp1PfBpquSa244Q==
  dependencies:
    "@repeaterjs/repeater" "^3.0.4"
    tslib "^2.3.1"

"@repeaterjs/repeater@^3.0.4":
  version "3.0.4"
  resolved "https://registry.yarnpkg.com/@repeaterjs/repeater/-/repeater-3.0.4.tgz#a04d63f4d1bf5540a41b01a921c9a7fddc3bd1ca"
  integrity sha512-AW8PKd6iX3vAZ0vA43nOUOnbq/X5ihgU+mSXXqunMkeQADGiqw/PY0JNeYtD5sr0PAy51YPgAPbDoeapv9r8WA==

abort-controller@^3.0.0:
  version "3.0.0"
  resolved "https://registry.yarnpkg.com/abort-controller/-/abort-controller-3.0.0.tgz#eaf54d53b62bae4138e809ca225c8439a6efb392"
  integrity sha512-h8lQ8tacZYnR3vNQTgibj+tODHI5/+l06Au2Pcriv/Gmet0eaj4TwWH41sO9wnHDiQsEj19q0drzdWdeAHtweg==
  dependencies:
    event-target-shim "^5.0.0"

busboy@^1.6.0:
  version "1.6.0"
  resolved "https://registry.yarnpkg.com/busboy/-/busboy-1.6.0.tgz#966ea36a9502e43cdb9146962523b92f531f6893"
  integrity sha512-8SFQbg/0hQ9xy3UNTB0YEnsNBbWfhf7RtnzpL7TkBiTBRfrQ9Fxcnz7VJsleJpyp6rVLvXiuORqjlHi5q+PYuA==
  dependencies:
    streamsearch "^1.1.0"

cross-undici-fetch@^0.4.2:
  version "0.4.5"
  resolved "https://registry.yarnpkg.com/cross-undici-fetch/-/cross-undici-fetch-0.4.5.tgz#077bbd299301b0ad517aa7451d17894c931406ef"
  integrity sha512-3u5LFSPiD5frvhBmU2bH7kv7pa8/WSh3gfwyLsx84oP5mSGttd8eNXU7UofketwKCnCb2gjhCGnVpoUCb1RxDQ==
  dependencies:
    abort-controller "^3.0.0"
    busboy "^1.6.0"
    form-data-encoder "^1.7.1"
    formdata-node "^4.3.1"
    node-fetch "^2.6.7"
    undici "^5.1.0"
    web-streams-polyfill "^3.2.0"

dset@^3.1.1:
  version "3.1.2"
  resolved "https://registry.yarnpkg.com/dset/-/dset-3.1.2.tgz#89c436ca6450398396dc6538ea00abc0c54cd45a"
  integrity sha512-g/M9sqy3oHe477Ar4voQxWtaPIFw1jTdKZuomOjhCcBx9nHUNn0pu6NopuFFrTh/TRZIKEj+76vLWFu9BNKk+Q==

event-target-shim@^5.0.0:
  version "5.0.1"
  resolved "https://registry.yarnpkg.com/event-target-shim/-/event-target-shim-5.0.1.tgz#5d4d3ebdf9583d63a5333ce2deb7480ab2b05789"
  integrity sha512-i/2XbnSz/uxRCU6+NdVJgKWDTM427+MqYbkQzD321DuCQJUqOuJKIA0IM2+W2xtYHdKOmZ4dR6fExsd4SXL+WQ==

form-data-encoder@^1.7.1:
  version "1.7.2"
  resolved "https://registry.yarnpkg.com/form-data-encoder/-/form-data-encoder-1.7.2.tgz#1f1ae3dccf58ed4690b86d87e4f57c654fbab040"
  integrity sha512-qfqtYan3rxrnCk1VYaA4H+Ms9xdpPqvLZa6xmMgFvhO32x7/3J/ExcTd6qpxM0vH2GdMI+poehyBZvqfMTto8A==

formdata-node@^4.3.1:
  version "4.3.3"
  resolved "https://registry.yarnpkg.com/formdata-node/-/formdata-node-4.3.3.tgz#21415225be66e2c87a917bfc0fedab30a119c23c"
  integrity sha512-coTew7WODO2vF+XhpUdmYz4UBvlsiTMSNaFYZlrXIqYbFd4W7bMwnoALNLE6uvNgzTg2j1JDF0ZImEfF06VPAA==
  dependencies:
    node-domexception "1.0.0"
    web-streams-polyfill "4.0.0-beta.1"

graphql-ws@^5.9.0:
  version "5.9.0"
  resolved "https://registry.yarnpkg.com/graphql-ws/-/graphql-ws-5.9.0.tgz#1fea3cca4582bbda15bc3a50bf30b539869b826f"
  integrity sha512-CXv0l0nI1bgChwl4Rm+BqNOAKwL/C9T2N8RfmTkhQ38YLFdUXCi2WNW4oFp8BJP+t75nCLzjHHgR04sP1oF02w==

graphql@^16.5.0:
  version "16.5.0"
  resolved "https://registry.yarnpkg.com/graphql/-/graphql-16.5.0.tgz#41b5c1182eaac7f3d47164fb247f61e4dfb69c85"
  integrity sha512-qbHgh8Ix+j/qY+a/ZcJnFQ+j8ezakqPiHwPiZhV/3PgGlgf96QMBB5/f2rkiC9sgLoy/xvT6TSiaf2nTHJh5iA==

node-domexception@1.0.0:
  version "1.0.0"
  resolved "https://registry.yarnpkg.com/node-domexception/-/node-domexception-1.0.0.tgz#6888db46a1f71c0b76b3f7555016b63fe64766e5"
  integrity sha512-/jKZoMpw0F8GRwl4/eLROPA3cfcXtLApP0QzLmUT/HuPCZWyB7IY9ZrMeKw2O/nFIqPQB3PVM9aYm0F312AXDQ==

node-fetch@^2.6.7:
  version "2.6.7"
  resolved "https://registry.yarnpkg.com/node-fetch/-/node-fetch-2.6.7.tgz#24de9fba827e3b4ae44dc8b20256a379160052ad"
  integrity sha512-ZjMPFEfVx5j+y2yF35Kzx5sF7kDzxuDj6ziH4FFbOp87zKDZNx8yExJIb05OGF4Nlt9IHFIMBkRl41VdvcNdbQ==
  dependencies:
    whatwg-url "^5.0.0"

streamsearch@^1.1.0:
  version "1.1.0"
  resolved "https://registry.yarnpkg.com/streamsearch/-/streamsearch-1.1.0.tgz#404dd1e2247ca94af554e841a8ef0eaa238da764"
  integrity sha512-Mcc5wHehp9aXz1ax6bZUyY5afg9u2rv5cqQI3mRrYkGC8rW2hM02jWuwjtL++LS5qinSyhj2QfLyNsuc+VsExg==

tiny-lru@7.0.6:
  version "7.0.6"
  resolved "https://registry.yarnpkg.com/tiny-lru/-/tiny-lru-7.0.6.tgz#b0c3cdede1e5882aa2d1ae21cb2ceccf2a331f24"
  integrity sha512-zNYO0Kvgn5rXzWpL0y3RS09sMK67eGaQj9805jlK9G6pSadfriTczzLHFXa/xcW4mIRfmlB9HyQ/+SgL0V1uow==

tr46@~0.0.3:
  version "0.0.3"
  resolved "https://registry.yarnpkg.com/tr46/-/tr46-0.0.3.tgz#8184fd347dac9cdc185992f3a6622e14b9d9ab6a"
  integrity sha512-N3WMsuqV66lT30CrXNbEjx4GEwlow3v6rr4mCcv6prnfwhS01rkgyFdjPNBYd9br7LpXV1+Emh01fHnq2Gdgrw==

tslib@^2.3.1, tslib@^2.4.0:
  version "2.4.0"
  resolved "https://registry.yarnpkg.com/tslib/-/tslib-2.4.0.tgz#7cecaa7f073ce680a05847aa77be941098f36dc3"
  integrity sha512-d6xOpEDfsi2CZVlPQzGeux8XMwLT9hssAsaPYExaQMuYskwb+x1x7J371tWlbBdWHroy99KnVB6qIkUbs5X3UQ==

undici@^5.1.0:
  version "5.4.0"
  resolved "https://registry.yarnpkg.com/undici/-/undici-5.4.0.tgz#c474fae02743d4788b96118d46008a24195024d2"
  integrity sha512-A1SRXysDg7J+mVP46jF+9cKANw0kptqSFZ8tGyL+HBiv0K1spjxPX8Z4EGu+Eu6pjClJUBdnUPlxrOafR668/g==

value-or-promise@1.0.11:
  version "1.0.11"
  resolved "https://registry.yarnpkg.com/value-or-promise/-/value-or-promise-1.0.11.tgz#3e90299af31dd014fe843fe309cefa7c1d94b140"
  integrity sha512-41BrgH+dIbCFXClcSapVs5M6GkENd3gQOJpEfPDNa71LsUGMXDL0jMWpI/Rh7WhX+Aalfz2TTS3Zt5pUsbnhLg==

web-streams-polyfill@4.0.0-beta.1:
  version "4.0.0-beta.1"
  resolved "https://registry.yarnpkg.com/web-streams-polyfill/-/web-streams-polyfill-4.0.0-beta.1.tgz#3b19b9817374b7cee06d374ba7eeb3aeb80e8c95"
  integrity sha512-3ux37gEX670UUphBF9AMCq8XM6iQ8Ac6A+DSRRjDoRBm1ufCkaCDdNVbaqq60PsEkdNlLKrGtv/YBP4EJXqNtQ==

web-streams-polyfill@^3.2.0:
  version "3.2.1"
  resolved "https://registry.yarnpkg.com/web-streams-polyfill/-/web-streams-polyfill-3.2.1.tgz#71c2718c52b45fd49dbeee88634b3a60ceab42a6"
  integrity sha512-e0MO3wdXWKrLbL0DgGnUV7WHVuw9OUvL4hjgnPkIeEvESk74gAITi5G606JtZPp39cd8HA9VQzCIvA49LpPN5Q==

webidl-conversions@^3.0.0:
  version "3.0.1"
  resolved "https://registry.yarnpkg.com/webidl-conversions/-/webidl-conversions-3.0.1.tgz#24534275e2a7bc6be7bc86611cc16ae0a5654871"
  integrity sha512-2JAn3z8AR6rjK8Sm8orRC0h/bcl/DqL7tRPdGZ4I1CjdF+EaMLmYxBHyXuKL849eucPFhvBoxMsflfOb8kxaeQ==

whatwg-url@^5.0.0:
  version "5.0.0"
  resolved "https://registry.yarnpkg.com/whatwg-url/-/whatwg-url-5.0.0.tgz#966454e8765462e37644d3626f6742ce8b70965d"
  integrity sha512-saE57nupxk6v3HY35+jzBwYa0rKSy0XR8JSxZPwgLr7ys0IBzhGviA1/TUGJLmSVqs8pb9AnvICXEuOHLprYTw==
  dependencies:
    tr46 "~0.0.3"
    webidl-conversions "^3.0.0"

ws@^8.8.0:
  version "8.8.0"
  resolved "https://registry.yarnpkg.com/ws/-/ws-8.8.0.tgz#8e71c75e2f6348dbf8d78005107297056cb77769"
  integrity sha512-JDAgSYQ1ksuwqfChJusw1LSJ8BizJ2e/vVu5Lxjq3YvNJNlROv1ui4i+c/kUUrPheBvQl4c5UbERhTwKa6QBJQ==
